
Microsoft Visual Studio Solution File, Format Version 12.00
# Visual Studio Version 17
VisualStudioVersion = 17.4.33213.308
MinimumVisualStudioVersion = 10.0.40219.1
Project("{FAE04EC0-301F-11D3-BF4B-00C04F79EFBC}") = "LACO DE REPETICAO", "LACO DE REPETICAO.csproj", "{5B1C7C0F-A3A3-4431-919D-723FD8D43632}"
EndProject
Global
	GlobalSection(SolutionConfigurationPlatforms) = preSolution
		Debug|Any CPU = Debug|Any CPU
		Release|Any CPU = Release|Any CPU
	EndGlobalSection
	GlobalSection(ProjectConfigurationPlatforms) = postSolution
		{5B1C7C0F-A3A3-4431-919D-723FD8D43632}.Debug|Any CPU.ActiveCfg = Debug|Any CPU
		{5B1C7C0F-A3A3-4431-919D-723FD8D43632}.Debug|Any CPU.Build.0 = Debug|Any CPU
		{5B1C7C0F-A3A3-4431-919D-723FD8D43632}.Release|Any CPU.ActiveCfg = Release|Any CPU
		{5B1C7C0F-A3A3-4431-919D-723FD8D43632}.Release|Any CPU.Build.0 = Release|Any CPU
	EndGlobalSection
	GlobalSection(SolutionProperties) = preSolution
		HideSolutionNode = FALSE
	EndGlobalSection
	GlobalSection(ExtensibilityGlobals) = postSolution
		SolutionGuid = {4241CB57-B28F-4207-9E9F-E014EBA3F2D6}
	EndGlobalSection
EndGlobal
